{
    "_meta": {
        "hash": {
            "sha256": "5ca2c89d29567872df4d5cc11b1b8824bae841e4ef52e34fb1f8aad25c3ed82c"
        },
        "pipfile-spec": 6,
        "requires": {
            "python_version": "3.9"
        },
        "sources": [
            {
                "name": "pypi",
                "url": "https://pypi.org/simple",
                "verify_ssl": true
            }
        ]
    },
    "default": {
        "editorconfig": {
            "hashes": [
                "sha256:57f8ce78afcba15c8b18d46b5170848c88d56fd38f05c2ec60dbbfcb8996e89e",
                "sha256:6b0851425aa875b08b16789ee0eeadbd4ab59666e9ebe728e526314c4a2e52c1"
            ],
            "index": "pypi",
            "version": "==0.12.3"
        },
        "jsbeautifier": {
            "hashes": [
                "sha256:77993254db1ff6f84eb6e1d75e3b6b72cba2ef20813a585b2d81e8e5e3c713c6"
            ],
            "index": "pypi",
            "version": "==1.14.7"
        },
        "six": {
            "hashes": [
                "sha256:1e61c37477a1626458e36f7b1d82aa5c9b094fa4802892072e49de9c60c4c926",
                "sha256:8abb2f1d86890a2dfb989f9a77cfcfd3e47c2a354b01111771326f8aa26e0254"
            ],
            "index": "pypi",
            "version": "==1.16.0"
        }
    },
    "develop": {}
}
